
Microsoft Visual Studio Solution File, Format Version 12.00
# Visual Studio Version 17
VisualStudioVersion = 17.0.31903.59
MinimumVisualStudioVersion = 10.0.40219.1
Project("{FAE04EC0-301F-11D3-BF4B-00C04F79EFBC}") = "VbaStudio.Spike", "VbaStudio.Spike\VbaStudio.Spike.csproj", "{EA73BBFC-7C7C-4D75-878E-0151DB63B288}"
EndProject
Project("{FAE04EC0-301F-11D3-BF4B-00C04F79EFBC}") = "VbaStudio.Core", "VbaStudio.Core\VbaStudio.Core.csproj", "{2299D6EA-4D4B-44E6-9860-B51B04DEE78F}"
EndProject
Project("{FAE04EC0-301F-11D3-BF4B-00C04F79EFBC}") = "VbaStudio.Tests", "VbaStudio.Tests\VbaStudio.Tests.csproj", "{D3316511-F6B5-454B-AA2D-934E337D90E9}"
EndProject
Project("{FAE04EC0-301F-11D3-BF4B-00C04F79EFBC}") = "VbaStudio.Interop", "VbaStudio.Interop\VbaStudio.Interop.csproj", "{4061E2C7-DA62-49BE-AF50-5D6D056AA4E3}"
EndProject
Project("{FAE04EC0-301F-11D3-BF4B-00C04F79EFBC}") = "VbaStudio.DapServer", "VbaStudio.DapServer\VbaStudio.DapServer.csproj", "{22E68DE3-7AB5-4451-A3D5-45FA9CBA2BBB}"
EndProject
Global
	GlobalSection(SolutionConfigurationPlatforms) = preSolution
		Debug|Any CPU = Debug|Any CPU
		Release|Any CPU = Release|Any CPU
	EndGlobalSection
	GlobalSection(SolutionProperties) = preSolution
		HideSolutionNode = FALSE
	EndGlobalSection
	GlobalSection(ProjectConfigurationPlatforms) = postSolution
		{EA73BBFC-7C7C-4D75-878E-0151DB63B288}.Debug|Any CPU.ActiveCfg = Debug|Any CPU
		{EA73BBFC-7C7C-4D75-878E-0151DB63B288}.Debug|Any CPU.Build.0 = Debug|Any CPU
		{EA73BBFC-7C7C-4D75-878E-0151DB63B288}.Release|Any CPU.ActiveCfg = Release|Any CPU
		{EA73BBFC-7C7C-4D75-878E-0151DB63B288}.Release|Any CPU.Build.0 = Release|Any CPU
		{2299D6EA-4D4B-44E6-9860-B51B04DEE78F}.Debug|Any CPU.ActiveCfg = Debug|Any CPU
		{2299D6EA-4D4B-44E6-9860-B51B04DEE78F}.Debug|Any CPU.Build.0 = Debug|Any CPU
		{2299D6EA-4D4B-44E6-9860-B51B04DEE78F}.Release|Any CPU.ActiveCfg = Release|Any CPU
		{2299D6EA-4D4B-44E6-9860-B51B04DEE78F}.Release|Any CPU.Build.0 = Release|Any CPU
		{D3316511-F6B5-454B-AA2D-934E337D90E9}.Debug|Any CPU.ActiveCfg = Debug|Any CPU
		{D3316511-F6B5-454B-AA2D-934E337D90E9}.Debug|Any CPU.Build.0 = Debug|Any CPU
		{D3316511-F6B5-454B-AA2D-934E337D90E9}.Release|Any CPU.ActiveCfg = Release|Any CPU
		{D3316511-F6B5-454B-AA2D-934E337D90E9}.Release|Any CPU.Build.0 = Release|Any CPU
		{4061E2C7-DA62-49BE-AF50-5D6D056AA4E3}.Debug|Any CPU.ActiveCfg = Debug|Any CPU
		{4061E2C7-DA62-49BE-AF50-5D6D056AA4E3}.Debug|Any CPU.Build.0 = Debug|Any CPU
		{4061E2C7-DA62-49BE-AF50-5D6D056AA4E3}.Release|Any CPU.ActiveCfg = Release|Any CPU
		{4061E2C7-DA62-49BE-AF50-5D6D056AA4E3}.Release|Any CPU.Build.0 = Release|Any CPU
		{22E68DE3-7AB5-4451-A3D5-45FA9CBA2BBB}.Debug|Any CPU.ActiveCfg = Debug|Any CPU
		{22E68DE3-7AB5-4451-A3D5-45FA9CBA2BBB}.Debug|Any CPU.Build.0 = Debug|Any CPU
		{22E68DE3-7AB5-4451-A3D5-45FA9CBA2BBB}.Release|Any CPU.ActiveCfg = Release|Any CPU
		{22E68DE3-7AB5-4451-A3D5-45FA9CBA2BBB}.Release|Any CPU.Build.0 = Release|Any CPU
	EndGlobalSection
EndGlobal
